{
  "nodes": {
    "hyprland-protocols": {
      "flake": false,
      "locked": {
        "lastModified": 1670703428,
        "narHash": "sha256-4KUW5SKR0Y9uaYGcYwy53YJ3B/sgiprCL4fRGO+mpOA=",
        "owner": "hyprwm",
        "repo": "hyprland-protocols",
        "rev": "d0d6db8cb5bef6d93ca3ad8fb2124964173396da",
        "type": "github"
      },
      "original": {
        "owner": "hyprwm",
        "repo": "hyprland-protocols",
        "type": "github"
      }
    },
    "nixpkgs": {
      "locked": {
        "lastModified": 1669969257,
        "narHash": "sha256-mOS13sK3v+kfgP+1Mh56ohiG8uVhLHAo7m/q9kqAehc=",
        "owner": "NixOS",
        "repo": "nixpkgs",
        "rev": "b72b8b94cf0c012b0252a9100a636cad69696666",
        "type": "github"
      },
      "original": {
        "owner": "NixOS",
        "ref": "nixos-unstable",
        "repo": "nixpkgs",
        "type": "github"
      }
    },
    "root": {
      "inputs": {
        "hyprland-protocols": "hyprland-protocols",
        "nixpkgs": "nixpkgs"
      }
    }
  },
  "root": "root",
  "version": 7
}
